
Microsoft Visual Studio Solution File, Format Version 12.00
# Visual Studio Version 17
VisualStudioVersion = 17.4.33205.214
MinimumVisualStudioVersion = 10.0.40219.1
Project("{9A19103F-16F7-4668-BE54-9A1E7A4F7556}") = "P01.HelloSoftUni", "P01.HelloSoftUni\P01.HelloSoftUni.csproj", "{97A32B7D-EF39-4A54-B007-4C6ED926D43F}"
EndProject
Project("{9A19103F-16F7-4668-BE54-9A1E7A4F7556}") = "P02.Nums1to10", "P02.Nums1to10\P02.Nums1to10.csproj", "{DBB1C9D7-EB43-4B3A-87ED-822FC17D1105}"
EndProject
Project("{9A19103F-16F7-4668-BE54-9A1E7A4F7556}") = "P03.GreetingByName", "03.RectangleArea\P03.GreetingByName.csproj", "{B1186A68-B9BD-49FB-92F5-DE9A2D9CB026}"
EndProject
Project("{9A19103F-16F7-4668-BE54-9A1E7A4F7556}") = "P03.RectangleArea", "P03.RectangleArea\P03.RectangleArea.csproj", "{71C16F16-5012-4F0B-9CBF-9513F2C2B7F2}"
EndProject
Project("{9A19103F-16F7-4668-BE54-9A1E7A4F7556}") = "P04.InchestoCentimeters", "P04.InchestoCentimeters\P04.InchestoCentimeters.csproj", "{CCB785B8-9C46-4096-9016-913F161FD2CD}"
EndProject
Project("{9A19103F-16F7-4668-BE54-9A1E7A4F7556}") = "P06.ConcatenateData", "P06.ConcatenateData\P06.ConcatenateData.csproj", "{20E09363-AC76-4AA9-AEDF-C7E8F2708A87}"
EndProject
Project("{9A19103F-16F7-4668-BE54-9A1E7A4F7556}") = "P07.ProjectsCreation", "P07.ProjectsCreation\P07.ProjectsCreation.csproj", "{FE355224-A5A0-48C3-B4D2-63F4128E511C}"
EndProject
Project("{9A19103F-16F7-4668-BE54-9A1E7A4F7556}") = "P08.PetShop", "P08.PetShop\P08.PetShop.csproj", "{74466690-4EF4-441A-8538-F2297FE33DE3}"
EndProject
Project("{9A19103F-16F7-4668-BE54-9A1E7A4F7556}") = "P09.YardGreening", "P09.YardGreening\P09.YardGreening.csproj", "{879CD900-F4D3-4020-9538-B119EE57C0FC}"
EndProject
Global
	GlobalSection(SolutionConfigurationPlatforms) = preSolution
		Debug|Any CPU = Debug|Any CPU
		Release|Any CPU = Release|Any CPU
	EndGlobalSection
	GlobalSection(ProjectConfigurationPlatforms) = postSolution
		{97A32B7D-EF39-4A54-B007-4C6ED926D43F}.Debug|Any CPU.ActiveCfg = Debug|Any CPU
		{97A32B7D-EF39-4A54-B007-4C6ED926D43F}.Debug|Any CPU.Build.0 = Debug|Any CPU
		{97A32B7D-EF39-4A54-B007-4C6ED926D43F}.Release|Any CPU.ActiveCfg = Release|Any CPU
		{97A32B7D-EF39-4A54-B007-4C6ED926D43F}.Release|Any CPU.Build.0 = Release|Any CPU
		{DBB1C9D7-EB43-4B3A-87ED-822FC17D1105}.Debug|Any CPU.ActiveCfg = Debug|Any CPU
		{DBB1C9D7-EB43-4B3A-87ED-822FC17D1105}.Debug|Any CPU.Build.0 = Debug|Any CPU
		{DBB1C9D7-EB43-4B3A-87ED-822FC17D1105}.Release|Any CPU.ActiveCfg = Release|Any CPU
		{DBB1C9D7-EB43-4B3A-87ED-822FC17D1105}.Release|Any CPU.Build.0 = Release|Any CPU
		{B1186A68-B9BD-49FB-92F5-DE9A2D9CB026}.Debug|Any CPU.ActiveCfg = Debug|Any CPU
		{B1186A68-B9BD-49FB-92F5-DE9A2D9CB026}.Debug|Any CPU.Build.0 = Debug|Any CPU
		{B1186A68-B9BD-49FB-92F5-DE9A2D9CB026}.Release|Any CPU.ActiveCfg = Release|Any CPU
		{B1186A68-B9BD-49FB-92F5-DE9A2D9CB026}.Release|Any CPU.Build.0 = Release|Any CPU
		{71C16F16-5012-4F0B-9CBF-9513F2C2B7F2}.Debug|Any CPU.ActiveCfg = Debug|Any CPU
		{71C16F16-5012-4F0B-9CBF-9513F2C2B7F2}.Debug|Any CPU.Build.0 = Debug|Any CPU
		{71C16F16-5012-4F0B-9CBF-9513F2C2B7F2}.Release|Any CPU.ActiveCfg = Release|Any CPU
		{71C16F16-5012-4F0B-9CBF-9513F2C2B7F2}.Release|Any CPU.Build.0 = Release|Any CPU
		{CCB785B8-9C46-4096-9016-913F161FD2CD}.Debug|Any CPU.ActiveCfg = Debug|Any CPU
		{CCB785B8-9C46-4096-9016-913F161FD2CD}.Debug|Any CPU.Build.0 = Debug|Any CPU
		{CCB785B8-9C46-4096-9016-913F161FD2CD}.Release|Any CPU.ActiveCfg = Release|Any CPU
		{CCB785B8-9C46-4096-9016-913F161FD2CD}.Release|Any CPU.Build.0 = Release|Any CPU
		{20E09363-AC76-4AA9-AEDF-C7E8F2708A87}.Debug|Any CPU.ActiveCfg = Debug|Any CPU
		{20E09363-AC76-4AA9-AEDF-C7E8F2708A87}.Debug|Any CPU.Build.0 = Debug|Any CPU
		{20E09363-AC76-4AA9-AEDF-C7E8F2708A87}.Release|Any CPU.ActiveCfg = Release|Any CPU
		{20E09363-AC76-4AA9-AEDF-C7E8F2708A87}.Release|Any CPU.Build.0 = Release|Any CPU
		{FE355224-A5A0-48C3-B4D2-63F4128E511C}.Debug|Any CPU.ActiveCfg = Debug|Any CPU
		{FE355224-A5A0-48C3-B4D2-63F4128E511C}.Debug|Any CPU.Build.0 = Debug|Any CPU
		{FE355224-A5A0-48C3-B4D2-63F4128E511C}.Release|Any CPU.ActiveCfg = Release|Any CPU
		{FE355224-A5A0-48C3-B4D2-63F4128E511C}.Release|Any CPU.Build.0 = Release|Any CPU
		{74466690-4EF4-441A-8538-F2297FE33DE3}.Debug|Any CPU.ActiveCfg = Debug|Any CPU
		{74466690-4EF4-441A-8538-F2297FE33DE3}.Debug|Any CPU.Build.0 = Debug|Any CPU
		{74466690-4EF4-441A-8538-F2297FE33DE3}.Release|Any CPU.ActiveCfg = Release|Any CPU
		{74466690-4EF4-441A-8538-F2297FE33DE3}.Release|Any CPU.Build.0 = Release|Any CPU
		{879CD900-F4D3-4020-9538-B119EE57C0FC}.Debug|Any CPU.ActiveCfg = Debug|Any CPU
		{879CD900-F4D3-4020-9538-B119EE57C0FC}.Debug|Any CPU.Build.0 = Debug|Any CPU
		{879CD900-F4D3-4020-9538-B119EE57C0FC}.Release|Any CPU.ActiveCfg = Release|Any CPU
		{879CD900-F4D3-4020-9538-B119EE57C0FC}.Release|Any CPU.Build.0 = Release|Any CPU
	EndGlobalSection
	GlobalSection(SolutionProperties) = preSolution
		HideSolutionNode = FALSE
	EndGlobalSection
	GlobalSection(ExtensibilityGlobals) = postSolution
		SolutionGuid = {9C2343F2-93C7-4725-91A7-819484AF954A}
	EndGlobalSection
EndGlobal
